
Microsoft Visual Studio Solution File, Format Version 12.00
# Visual Studio Version 16
VisualStudioVersion = 16.0.31105.61
MinimumVisualStudioVersion = 10.0.40219.1
Project("{9A19103F-16F7-4668-BE54-9A1E7A4F7556}") = "PerspectiveTransformation", "PerspectiveTransformation\PerspectiveTransformation.csproj", "{5D299366-728D-4B65-8A10-D89FDE79757C}"
EndProject
Global
	GlobalSection(SolutionConfigurationPlatforms) = preSolution
		Debug|Any CPU = Debug|Any CPU
		Release|Any CPU = Release|Any CPU
	EndGlobalSection
	GlobalSection(ProjectConfigurationPlatforms) = postSolution
		{5D299366-728D-4B65-8A10-D89FDE79757C}.Debug|Any CPU.ActiveCfg = Debug|Any CPU
		{5D299366-728D-4B65-8A10-D89FDE79757C}.Debug|Any CPU.Build.0 = Debug|Any CPU
		{5D299366-728D-4B65-8A10-D89FDE79757C}.Release|Any CPU.ActiveCfg = Release|Any CPU
		{5D299366-728D-4B65-8A10-D89FDE79757C}.Release|Any CPU.Build.0 = Release|Any CPU
	EndGlobalSection
	GlobalSection(SolutionProperties) = preSolution
		HideSolutionNode = FALSE
	EndGlobalSection
	GlobalSection(ExtensibilityGlobals) = postSolution
		SolutionGuid = {178467F5-FF8D-4861-897C-127F623D0764}
	EndGlobalSection
EndGlobal
